
Microsoft Visual Studio Solution File, Format Version 12.00
# Visual Studio 15
VisualStudioVersion = 15.0.28307.960
MinimumVisualStudioVersion = 10.0.40219.1
Project("{FAE04EC0-301F-11D3-BF4B-00C04F79EFBC}") = "WCFVideos", "WCFVideos\WCFVideos.csproj", "{B15BD6C7-38D0-46B4-BF4F-40CF61B96203}"
EndProject
Global
	GlobalSection(SolutionConfigurationPlatforms) = preSolution
		Debug|Any CPU = Debug|Any CPU
		Release|Any CPU = Release|Any CPU
	EndGlobalSection
	GlobalSection(ProjectConfigurationPlatforms) = postSolution
		{B15BD6C7-38D0-46B4-BF4F-40CF61B96203}.Debug|Any CPU.ActiveCfg = Debug|Any CPU
		{B15BD6C7-38D0-46B4-BF4F-40CF61B96203}.Debug|Any CPU.Build.0 = Debug|Any CPU
		{B15BD6C7-38D0-46B4-BF4F-40CF61B96203}.Release|Any CPU.ActiveCfg = Release|Any CPU
		{B15BD6C7-38D0-46B4-BF4F-40CF61B96203}.Release|Any CPU.Build.0 = Release|Any CPU
	EndGlobalSection
	GlobalSection(SolutionProperties) = preSolution
		HideSolutionNode = FALSE
	EndGlobalSection
	GlobalSection(ExtensibilityGlobals) = postSolution
		SolutionGuid = {7A9D20EF-660E-456B-A9EB-71A34D8A3554}
	EndGlobalSection
EndGlobal
